
Microsoft Visual Studio Solution File, Format Version 12.00
# Visual Studio Version 17
VisualStudioVersion = 17.8.34525.116
MinimumVisualStudioVersion = 10.0.40219.1
Project("{FAE04EC0-301F-11D3-BF4B-00C04F79EFBC}") = "AnonimousMethods", "AnonimousMethods\AnonimousMethods.csproj", "{708297A4-68C8-46BD-98CE-9194B37F78F1}"
EndProject
Global
	GlobalSection(SolutionConfigurationPlatforms) = preSolution
		Debug|Any CPU = Debug|Any CPU
		Release|Any CPU = Release|Any CPU
	EndGlobalSection
	GlobalSection(ProjectConfigurationPlatforms) = postSolution
		{708297A4-68C8-46BD-98CE-9194B37F78F1}.Debug|Any CPU.ActiveCfg = Debug|Any CPU
		{708297A4-68C8-46BD-98CE-9194B37F78F1}.Debug|Any CPU.Build.0 = Debug|Any CPU
		{708297A4-68C8-46BD-98CE-9194B37F78F1}.Release|Any CPU.ActiveCfg = Release|Any CPU
		{708297A4-68C8-46BD-98CE-9194B37F78F1}.Release|Any CPU.Build.0 = Release|Any CPU
	EndGlobalSection
	GlobalSection(SolutionProperties) = preSolution
		HideSolutionNode = FALSE
	EndGlobalSection
	GlobalSection(ExtensibilityGlobals) = postSolution
		SolutionGuid = {86CBDFBC-B635-4196-860D-207B1027DCBA}
	EndGlobalSection
EndGlobal
