
Microsoft Visual Studio Solution File, Format Version 12.00
# Visual Studio Version 17
VisualStudioVersion = 17.9.34607.119
MinimumVisualStudioVersion = 10.0.40219.1
Project("{FAE04EC0-301F-11D3-BF4B-00C04F79EFBC}") = "EnumsDemo", "EnumsDemo\EnumsDemo.csproj", "{B0E90BF6-1546-492C-B09E-CF1B9E2B530D}"
EndProject
Global
	GlobalSection(SolutionConfigurationPlatforms) = preSolution
		Debug|Any CPU = Debug|Any CPU
		Release|Any CPU = Release|Any CPU
	EndGlobalSection
	GlobalSection(ProjectConfigurationPlatforms) = postSolution
		{B0E90BF6-1546-492C-B09E-CF1B9E2B530D}.Debug|Any CPU.ActiveCfg = Debug|Any CPU
		{B0E90BF6-1546-492C-B09E-CF1B9E2B530D}.Debug|Any CPU.Build.0 = Debug|Any CPU
		{B0E90BF6-1546-492C-B09E-CF1B9E2B530D}.Release|Any CPU.ActiveCfg = Release|Any CPU
		{B0E90BF6-1546-492C-B09E-CF1B9E2B530D}.Release|Any CPU.Build.0 = Release|Any CPU
	EndGlobalSection
	GlobalSection(SolutionProperties) = preSolution
		HideSolutionNode = FALSE
	EndGlobalSection
	GlobalSection(ExtensibilityGlobals) = postSolution
		SolutionGuid = {5D0CAA15-837B-4225-B19F-E1CB8DD7AA49}
	EndGlobalSection
EndGlobal
