
Microsoft Visual Studio Solution File, Format Version 12.00
# Visual Studio Version 17
VisualStudioVersion = 17.9.34622.214
MinimumVisualStudioVersion = 10.0.40219.1
Project("{FAE04EC0-301F-11D3-BF4B-00C04F79EFBC}") = "UDFDemo", "UDFDemo\UDFDemo.csproj", "{71AFF33C-9A2E-4460-9A31-7058FEE80EE9}"
EndProject
Global
	GlobalSection(SolutionConfigurationPlatforms) = preSolution
		Debug|Any CPU = Debug|Any CPU
		Release|Any CPU = Release|Any CPU
	EndGlobalSection
	GlobalSection(ProjectConfigurationPlatforms) = postSolution
		{71AFF33C-9A2E-4460-9A31-7058FEE80EE9}.Debug|Any CPU.ActiveCfg = Debug|Any CPU
		{71AFF33C-9A2E-4460-9A31-7058FEE80EE9}.Debug|Any CPU.Build.0 = Debug|Any CPU
		{71AFF33C-9A2E-4460-9A31-7058FEE80EE9}.Release|Any CPU.ActiveCfg = Release|Any CPU
		{71AFF33C-9A2E-4460-9A31-7058FEE80EE9}.Release|Any CPU.Build.0 = Release|Any CPU
	EndGlobalSection
	GlobalSection(SolutionProperties) = preSolution
		HideSolutionNode = FALSE
	EndGlobalSection
	GlobalSection(ExtensibilityGlobals) = postSolution
		SolutionGuid = {C0DC0608-FE7C-4E92-94D2-C9E0767AE6E2}
	EndGlobalSection
EndGlobal
