
Microsoft Visual Studio Solution File, Format Version 12.00
# Visual Studio Version 17
VisualStudioVersion = 17.9.34728.123
MinimumVisualStudioVersion = 10.0.40219.1
Project("{FAE04EC0-301F-11D3-BF4B-00C04F79EFBC}") = "RegistryUsage", "RegistryUsage\RegistryUsage.csproj", "{61D4014B-07E2-482B-B549-66F40E793047}"
EndProject
Global
	GlobalSection(SolutionConfigurationPlatforms) = preSolution
		Debug|Any CPU = Debug|Any CPU
		Release|Any CPU = Release|Any CPU
	EndGlobalSection
	GlobalSection(ProjectConfigurationPlatforms) = postSolution
		{61D4014B-07E2-482B-B549-66F40E793047}.Debug|Any CPU.ActiveCfg = Debug|Any CPU
		{61D4014B-07E2-482B-B549-66F40E793047}.Debug|Any CPU.Build.0 = Debug|Any CPU
		{61D4014B-07E2-482B-B549-66F40E793047}.Release|Any CPU.ActiveCfg = Release|Any CPU
		{61D4014B-07E2-482B-B549-66F40E793047}.Release|Any CPU.Build.0 = Release|Any CPU
	EndGlobalSection
	GlobalSection(SolutionProperties) = preSolution
		HideSolutionNode = FALSE
	EndGlobalSection
	GlobalSection(ExtensibilityGlobals) = postSolution
		SolutionGuid = {7484A2CB-650E-4B3B-B8B1-3AB26F8E862B}
	EndGlobalSection
EndGlobal
