
Microsoft Visual Studio Solution File, Format Version 12.00
# Visual Studio Version 17
VisualStudioVersion = 17.9.34622.214
MinimumVisualStudioVersion = 10.0.40219.1
Project("{FAE04EC0-301F-11D3-BF4B-00C04F79EFBC}") = "TriggersDemo", "TriggersDemo\TriggersDemo.csproj", "{ED33B479-BC98-4301-AA54-6B99D28716D5}"
EndProject
Global
	GlobalSection(SolutionConfigurationPlatforms) = preSolution
		Debug|Any CPU = Debug|Any CPU
		Release|Any CPU = Release|Any CPU
	EndGlobalSection
	GlobalSection(ProjectConfigurationPlatforms) = postSolution
		{ED33B479-BC98-4301-AA54-6B99D28716D5}.Debug|Any CPU.ActiveCfg = Debug|Any CPU
		{ED33B479-BC98-4301-AA54-6B99D28716D5}.Debug|Any CPU.Build.0 = Debug|Any CPU
		{ED33B479-BC98-4301-AA54-6B99D28716D5}.Release|Any CPU.ActiveCfg = Release|Any CPU
		{ED33B479-BC98-4301-AA54-6B99D28716D5}.Release|Any CPU.Build.0 = Release|Any CPU
	EndGlobalSection
	GlobalSection(SolutionProperties) = preSolution
		HideSolutionNode = FALSE
	EndGlobalSection
	GlobalSection(ExtensibilityGlobals) = postSolution
		SolutionGuid = {2AEDD21C-6863-4265-9DF9-DD32D66841F0}
	EndGlobalSection
EndGlobal
