
Microsoft Visual Studio Solution File, Format Version 12.00
# Visual Studio Version 17
VisualStudioVersion = 17.9.34616.47
MinimumVisualStudioVersion = 10.0.40219.1
Project("{FAE04EC0-301F-11D3-BF4B-00C04F79EFBC}") = "UniversityDB", "UniversityDB\UniversityDB.csproj", "{38583F01-6DCB-44D5-AA2B-B82DBD599798}"
EndProject
Global
	GlobalSection(SolutionConfigurationPlatforms) = preSolution
		Debug|Any CPU = Debug|Any CPU
		Release|Any CPU = Release|Any CPU
	EndGlobalSection
	GlobalSection(ProjectConfigurationPlatforms) = postSolution
		{38583F01-6DCB-44D5-AA2B-B82DBD599798}.Debug|Any CPU.ActiveCfg = Debug|Any CPU
		{38583F01-6DCB-44D5-AA2B-B82DBD599798}.Debug|Any CPU.Build.0 = Debug|Any CPU
		{38583F01-6DCB-44D5-AA2B-B82DBD599798}.Release|Any CPU.ActiveCfg = Release|Any CPU
		{38583F01-6DCB-44D5-AA2B-B82DBD599798}.Release|Any CPU.Build.0 = Release|Any CPU
	EndGlobalSection
	GlobalSection(SolutionProperties) = preSolution
		HideSolutionNode = FALSE
	EndGlobalSection
	GlobalSection(ExtensibilityGlobals) = postSolution
		SolutionGuid = {AA46F47D-8EC6-4E5E-B261-30D0383B4145}
	EndGlobalSection
EndGlobal
