
Microsoft Visual Studio Solution File, Format Version 12.00
# Visual Studio Version 17
VisualStudioVersion = 17.9.34607.119
MinimumVisualStudioVersion = 10.0.40219.1
Project("{FAE04EC0-301F-11D3-BF4B-00C04F79EFBC}") = "ProductDemo", "ProductDemo\ProductDemo.csproj", "{C3DFD7D5-3861-4D6C-8CCE-A2B1DA64B53C}"
EndProject
Global
	GlobalSection(SolutionConfigurationPlatforms) = preSolution
		Debug|Any CPU = Debug|Any CPU
		Release|Any CPU = Release|Any CPU
	EndGlobalSection
	GlobalSection(ProjectConfigurationPlatforms) = postSolution
		{C3DFD7D5-3861-4D6C-8CCE-A2B1DA64B53C}.Debug|Any CPU.ActiveCfg = Debug|Any CPU
		{C3DFD7D5-3861-4D6C-8CCE-A2B1DA64B53C}.Debug|Any CPU.Build.0 = Debug|Any CPU
		{C3DFD7D5-3861-4D6C-8CCE-A2B1DA64B53C}.Release|Any CPU.ActiveCfg = Release|Any CPU
		{C3DFD7D5-3861-4D6C-8CCE-A2B1DA64B53C}.Release|Any CPU.Build.0 = Release|Any CPU
	EndGlobalSection
	GlobalSection(SolutionProperties) = preSolution
		HideSolutionNode = FALSE
	EndGlobalSection
	GlobalSection(ExtensibilityGlobals) = postSolution
		SolutionGuid = {1C12A4B0-EB33-460A-B4E0-B096DA6CD904}
	EndGlobalSection
EndGlobal
